
Microsoft Visual Studio Solution File, Format Version 12.00
# Visual Studio Version 17
VisualStudioVersion = 17.7.34031.279
MinimumVisualStudioVersion = 10.0.40219.1
Project("{9A19103F-16F7-4668-BE54-9A1E7A4F7556}") = "FtpWeb.Wasm", "FtpWeb.Wasm\FtpWeb.Wasm.csproj", "{D0423553-FA5C-4F0F-A316-4B90A2F2DFD2}"
EndProject
Project("{9A19103F-16F7-4668-BE54-9A1E7A4F7556}") = "FtpWeb.Shared", "FtpWeb.Shared\FtpWeb.Shared.csproj", "{7154CF13-3CB8-4AAB-BD2E-09CC3C6C7A3E}"
EndProject
Project("{9A19103F-16F7-4668-BE54-9A1E7A4F7556}") = "FtpWeb.Api", "FtpWeb.Api\FtpWeb.Api.csproj", "{4DC6A4DA-9A8E-4413-8852-4F27968CB307}"
EndProject
Global
	GlobalSection(SolutionConfigurationPlatforms) = preSolution
		Debug|Any CPU = Debug|Any CPU
		Release|Any CPU = Release|Any CPU
	EndGlobalSection
	GlobalSection(ProjectConfigurationPlatforms) = postSolution
		{D0423553-FA5C-4F0F-A316-4B90A2F2DFD2}.Debug|Any CPU.ActiveCfg = Debug|Any CPU
		{D0423553-FA5C-4F0F-A316-4B90A2F2DFD2}.Debug|Any CPU.Build.0 = Debug|Any CPU
		{D0423553-FA5C-4F0F-A316-4B90A2F2DFD2}.Release|Any CPU.ActiveCfg = Release|Any CPU
		{D0423553-FA5C-4F0F-A316-4B90A2F2DFD2}.Release|Any CPU.Build.0 = Release|Any CPU
		{7154CF13-3CB8-4AAB-BD2E-09CC3C6C7A3E}.Debug|Any CPU.ActiveCfg = Debug|Any CPU
		{7154CF13-3CB8-4AAB-BD2E-09CC3C6C7A3E}.Debug|Any CPU.Build.0 = Debug|Any CPU
		{7154CF13-3CB8-4AAB-BD2E-09CC3C6C7A3E}.Release|Any CPU.ActiveCfg = Release|Any CPU
		{7154CF13-3CB8-4AAB-BD2E-09CC3C6C7A3E}.Release|Any CPU.Build.0 = Release|Any CPU
		{4DC6A4DA-9A8E-4413-8852-4F27968CB307}.Debug|Any CPU.ActiveCfg = Debug|Any CPU
		{4DC6A4DA-9A8E-4413-8852-4F27968CB307}.Debug|Any CPU.Build.0 = Debug|Any CPU
		{4DC6A4DA-9A8E-4413-8852-4F27968CB307}.Release|Any CPU.ActiveCfg = Release|Any CPU
		{4DC6A4DA-9A8E-4413-8852-4F27968CB307}.Release|Any CPU.Build.0 = Release|Any CPU
	EndGlobalSection
	GlobalSection(SolutionProperties) = preSolution
		HideSolutionNode = FALSE
	EndGlobalSection
	GlobalSection(ExtensibilityGlobals) = postSolution
		SolutionGuid = {4560C54A-3A17-4174-85FF-04A378A193FC}
	EndGlobalSection
EndGlobal
